
Microsoft Visual Studio Solution File, Format Version 12.00
# Visual Studio Version 16
VisualStudioVersion = 16.0.30804.86
MinimumVisualStudioVersion = 10.0.40219.1
Project("{FAE04EC0-301F-11D3-BF4B-00C04F79EFBC}") = "XmlCompare", "XmlCompare\XmlCompare.csproj", "{A7F73158-A155-4DDA-9CC3-174DF63897CD}"
EndProject
Global
	GlobalSection(SolutionConfigurationPlatforms) = preSolution
		Debug|Any CPU = Debug|Any CPU
		Release|Any CPU = Release|Any CPU
	EndGlobalSection
	GlobalSection(ProjectConfigurationPlatforms) = postSolution
		{A7F73158-A155-4DDA-9CC3-174DF63897CD}.Debug|Any CPU.ActiveCfg = Debug|Any CPU
		{A7F73158-A155-4DDA-9CC3-174DF63897CD}.Debug|Any CPU.Build.0 = Debug|Any CPU
		{A7F73158-A155-4DDA-9CC3-174DF63897CD}.Release|Any CPU.ActiveCfg = Release|Any CPU
		{A7F73158-A155-4DDA-9CC3-174DF63897CD}.Release|Any CPU.Build.0 = Release|Any CPU
	EndGlobalSection
	GlobalSection(SolutionProperties) = preSolution
		HideSolutionNode = FALSE
	EndGlobalSection
	GlobalSection(ExtensibilityGlobals) = postSolution
		SolutionGuid = {86F1294E-6E57-4FB5-A259-6ABC1FED12A5}
	EndGlobalSection
EndGlobal
